// !$*UTF8*$!
{
	archiveVersion = 1;
	classes = {
	};
	objectVersion = 46;
	objects = {

/* Begin PBXBuildFile section */
		310D6DFD14F2E4770083D314 /* UIKit.framework in Frameworks */ = {isa = PBXBuildFile; fileRef = 310D6DFC14F2E4770083D314 /* UIKit.framework */; };
		310D6DFF14F2E4770083D314 /* Foundation.framework in Frameworks */ = {isa = PBXBuildFile; fileRef = 310D6DFE14F2E4770083D314 /* Foundation.framework */; };
		310D6E0114F2E4770083D314 /* CoreGraphics.framework in Frameworks */ = {isa = PBXBuildFile; fileRef = 310D6E0014F2E4770083D314 /* CoreGraphics.framework */; };
		310D6E0714F2E4770083D314 /* InfoPlist.strings in Resources */ = {isa = PBXBuildFile; fileRef = 310D6E0514F2E4770083D314 /* InfoPlist.strings */; };
		310D6E0914F2E4770083D314 /* main.m in Sources */ = {isa = PBXBuildFile; fileRef = 310D6E0814F2E4770083D314 /* main.m */; };
		310D6E0D14F2E4770083D314 /* FlickrTopPlacesAppDelegate.m in Sources */ = {isa = PBXBuildFile; fileRef = 310D6E0C14F2E4770083D314 /* FlickrTopPlacesAppDelegate.m */; };
		310D6E1014F2E4770083D314 /* iPhone.storyboard in Resources */ = {isa = PBXBuildFile; fileRef = 310D6E0E14F2E4770083D314 /* iPhone.storyboard */; };
		310D6E1314F2E4770083D314 /* iPad.storyboard in Resources */ = {isa = PBXBuildFile; fileRef = 310D6E1114F2E4770083D314 /* iPad.storyboard */; };
		310D6E2D14F2E4BD0083D314 /* FlickrFetcher.m in Sources */ = {isa = PBXBuildFile; fileRef = 310D6E1E14F2E4BD0083D314 /* FlickrFetcher.m */; };
		310D6E2E14F2E4BD0083D314 /* NSObject+SBJSON.m in Sources */ = {isa = PBXBuildFile; fileRef = 310D6E2214F2E4BD0083D314 /* NSObject+SBJSON.m */; };
		310D6E2F14F2E4BD0083D314 /* NSString+SBJSON.m in Sources */ = {isa = PBXBuildFile; fileRef = 310D6E2414F2E4BD0083D314 /* NSString+SBJSON.m */; };
		310D6E3014F2E4BD0083D314 /* SBJSON.m in Sources */ = {isa = PBXBuildFile; fileRef = 310D6E2614F2E4BD0083D314 /* SBJSON.m */; };
		310D6E3114F2E4BD0083D314 /* SBJsonBase.m in Sources */ = {isa = PBXBuildFile; fileRef = 310D6E2814F2E4BD0083D314 /* SBJsonBase.m */; };
		310D6E3214F2E4BD0083D314 /* SBJsonParser.m in Sources */ = {isa = PBXBuildFile; fileRef = 310D6E2A14F2E4BD0083D314 /* SBJsonParser.m */; };
		310D6E3314F2E4BD0083D314 /* SBJsonWriter.m in Sources */ = {isa = PBXBuildFile; fileRef = 310D6E2C14F2E4BD0083D314 /* SBJsonWriter.m */; };
		3118EF5B14F82BC50083D9E8 /* ImageListTableViewController.m in Sources */ = {isa = PBXBuildFile; fileRef = 3118EF5A14F82BC50083D9E8 /* ImageListTableViewController.m */; };
		3133FCBE14FA73BE00474A96 /* FlickrImage.m in Sources */ = {isa = PBXBuildFile; fileRef = 3133FCBD14FA73BE00474A96 /* FlickrImage.m */; };
		3152A21214F587750037F537 /* RecentPhotos.m in Sources */ = {isa = PBXBuildFile; fileRef = 3152A21114F587750037F537 /* RecentPhotos.m */; };
		31A779AD14F3C87D0088D039 /* FlickrTopPlacesTableViewController.m in Sources */ = {isa = PBXBuildFile; fileRef = 31A779AC14F3C87D0088D039 /* FlickrTopPlacesTableViewController.m */; };
		31A779B014F3C8A50088D039 /* RecentPhotosTableViewController.m in Sources */ = {isa = PBXBuildFile; fileRef = 31A779AF14F3C8A50088D039 /* RecentPhotosTableViewController.m */; };
		31A779B314F3D11C0088D039 /* FlickrFetcherHelper.m in Sources */ = {isa = PBXBuildFile; fileRef = 31A779B214F3D11C0088D039 /* FlickrFetcherHelper.m */; };
		31A779B614F4ED680088D039 /* FlickrImageViewController.m in Sources */ = {isa = PBXBuildFile; fileRef = 31A779B514F4ED680088D039 /* FlickrImageViewController.m */; };
		31EA20F114F4F1640001150E /* PlacePhotosTableViewController.m in Sources */ = {isa = PBXBuildFile; fileRef = 31EA20F014F4F1640001150E /* PlacePhotosTableViewController.m */; };
/* End PBXBuildFile section */

/* Begin PBXFileReference section */
		310D6DF814F2E4770083D314 /* FlickrTopPlaces.app */ = {isa = PBXFileReference; explicitFileType = wrapper.application; includeInIndex = 0; path = FlickrTopPlaces.app; sourceTree = BUILT_PRODUCTS_DIR; };
		310D6DFC14F2E4770083D314 /* UIKit.framework */ = {isa = PBXFileReference; lastKnownFileType = wrapper.framework; name = UIKit.framework; path = System/Library/Frameworks/UIKit.framework; sourceTree = SDKROOT; };
		310D6DFE14F2E4770083D314 /* Foundation.framework */ = {isa = PBXFileReference; lastKnownFileType = wrapper.framework; name = Foundation.framework; path = System/Library/Frameworks/Foundation.framework; sourceTree = SDKROOT; };
		310D6E0014F2E4770083D314 /* CoreGraphics.framework */ = {isa = PBXFileReference; lastKnownFileType = wrapper.framework; name = CoreGraphics.framework; path = System/Library/Frameworks/CoreGraphics.framework; sourceTree = SDKROOT; };
		310D6E0414F2E4770083D314 /* FlickrTopPlaces-Info.plist */ = {isa = PBXFileReference; lastKnownFileType = text.plist.xml; path = "FlickrTopPlaces-Info.plist"; sourceTree = "<group>"; };
		310D6E0614F2E4770083D314 /* en */ = {isa = PBXFileReference; lastKnownFileType = text.plist.strings; name = en; path = en.lproj/InfoPlist.strings; sourceTree = "<group>"; };
		310D6E0814F2E4770083D314 /* main.m */ = {isa = PBXFileReference; lastKnownFileType = sourcecode.c.objc; path = main.m; sourceTree = "<group>"; };
		310D6E0A14F2E4770083D314 /* FlickrTopPlaces-Prefix.pch */ = {isa = PBXFileReference; lastKnownFileType = sourcecode.c.h; path = "FlickrTopPlaces-Prefix.pch"; sourceTree = "<group>"; };
		310D6E0B14F2E4770083D314 /* FlickrTopPlacesAppDelegate.h */ = {isa = PBXFileReference; lastKnownFileType = sourcecode.c.h; path = FlickrTopPlacesAppDelegate.h; sourceTree = "<group>"; };
		310D6E0C14F2E4770083D314 /* FlickrTopPlacesAppDelegate.m */ = {isa = PBXFileReference; lastKnownFileType = sourcecode.c.objc; path = FlickrTopPlacesAppDelegate.m; sourceTree = "<group>"; };
		310D6E0F14F2E4770083D314 /* en */ = {isa = PBXFileReference; lastKnownFileType = file.storyboard; name = en; path = en.lproj/iPhone.storyboard; sourceTree = "<group>"; };
		310D6E1214F2E4770083D314 /* en */ = {isa = PBXFileReference; lastKnownFileType = file.storyboard; name = en; path = en.lproj/iPad.storyboard; sourceTree = "<group>"; };
		310D6E1C14F2E4BD0083D314 /* FlickrAPIKey.h */ = {isa = PBXFileReference; fileEncoding = 4; lastKnownFileType = sourcecode.c.h; path = FlickrAPIKey.h; sourceTree = "<group>"; };
		310D6E1D14F2E4BD0083D314 /* FlickrFetcher.h */ = {isa = PBXFileReference; fileEncoding = 4; lastKnownFileType = sourcecode.c.h; path = FlickrFetcher.h; sourceTree = "<group>"; };
		310D6E1E14F2E4BD0083D314 /* FlickrFetcher.m */ = {isa = PBXFileReference; fileEncoding = 4; lastKnownFileType = sourcecode.c.objc; path = FlickrFetcher.m; sourceTree = "<group>"; };
		310D6E2014F2E4BD0083D314 /* JSON.h */ = {isa = PBXFileReference; fileEncoding = 4; lastKnownFileType = sourcecode.c.h; path = JSON.h; sourceTree = "<group>"; };
		310D6E2114F2E4BD0083D314 /* NSObject+SBJSON.h */ = {isa = PBXFileReference; fileEncoding = 4; lastKnownFileType = sourcecode.c.h; path = "NSObject+SBJSON.h"; sourceTree = "<group>"; };
		310D6E2214F2E4BD0083D314 /* NSObject+SBJSON.m */ = {isa = PBXFileReference; fileEncoding = 4; lastKnownFileType = sourcecode.c.objc; path = "NSObject+SBJSON.m"; sourceTree = "<group>"; };
		310D6E2314F2E4BD0083D314 /* NSString+SBJSON.h */ = {isa = PBXFileReference; fileEncoding = 4; lastKnownFileType = sourcecode.c.h; path = "NSString+SBJSON.h"; sourceTree = "<group>"; };
		310D6E2414F2E4BD0083D314 /* NSString+SBJSON.m */ = {isa = PBXFileReference; fileEncoding = 4; lastKnownFileType = sourcecode.c.objc; path = "NSString+SBJSON.m"; sourceTree = "<group>"; };
		310D6E2514F2E4BD0083D314 /* SBJSON.h */ = {isa = PBXFileReference; fileEncoding = 4; lastKnownFileType = sourcecode.c.h; path = SBJSON.h; sourceTree = "<group>"; };
		310D6E2614F2E4BD0083D314 /* SBJSON.m */ = {isa = PBXFileReference; fileEncoding = 4; lastKnownFileType = sourcecode.c.objc; path = SBJSON.m; sourceTree = "<group>"; };
		310D6E2714F2E4BD0083D314 /* SBJsonBase.h */ = {isa = PBXFileReference; fileEncoding = 4; lastKnownFileType = sourcecode.c.h; path = SBJsonBase.h; sourceTree = "<group>"; };
		310D6E2814F2E4BD0083D314 /* SBJsonBase.m */ = {isa = PBXFileReference; fileEncoding = 4; lastKnownFileType = sourcecode.c.objc; path = SBJsonBase.m; sourceTree = "<group>"; };
		310D6E2914F2E4BD0083D314 /* SBJsonParser.h */ = {isa = PBXFileReference; fileEncoding = 4; lastKnownFileType = sourcecode.c.h; path = SBJsonParser.h; sourceTree = "<group>"; };
		310D6E2A14F2E4BD0083D314 /* SBJsonParser.m */ = {isa = PBXFileReference; fileEncoding = 4; lastKnownFileType = sourcecode.c.objc; path = SBJsonParser.m; sourceTree = "<group>"; };
		310D6E2B14F2E4BD0083D314 /* SBJsonWriter.h */ = {isa = PBXFileReference; fileEncoding = 4; lastKnownFileType = sourcecode.c.h; path = SBJsonWriter.h; sourceTree = "<group>"; };
		310D6E2C14F2E4BD0083D314 /* SBJsonWriter.m */ = {isa = PBXFileReference; fileEncoding = 4; lastKnownFileType = sourcecode.c.objc; path = SBJsonWriter.m; sourceTree = "<group>"; };
		3118EF5914F82BC50083D9E8 /* ImageListTableViewController.h */ = {isa = PBXFileReference; fileEncoding = 4; lastKnownFileType = sourcecode.c.h; path = ImageListTableViewController.h; sourceTree = "<group>"; };
		3118EF5A14F82BC50083D9E8 /* ImageListTableViewController.m */ = {isa = PBXFileReference; fileEncoding = 4; lastKnownFileType = sourcecode.c.objc; path = ImageListTableViewController.m; sourceTree = "<group>"; };
		3133FCBC14FA73BE00474A96 /* FlickrImage.h */ = {isa = PBXFileReference; fileEncoding = 4; lastKnownFileType = sourcecode.c.h; path = FlickrImage.h; sourceTree = "<group>"; };
		3133FCBD14FA73BE00474A96 /* FlickrImage.m */ = {isa = PBXFileReference; fileEncoding = 4; lastKnownFileType = sourcecode.c.objc; path = FlickrImage.m; sourceTree = "<group>"; };
		3152A21014F587750037F537 /* RecentPhotos.h */ = {isa = PBXFileReference; fileEncoding = 4; lastKnownFileType = sourcecode.c.h; path = RecentPhotos.h; sourceTree = "<group>"; };
		3152A21114F587750037F537 /* RecentPhotos.m */ = {isa = PBXFileReference; fileEncoding = 4; lastKnownFileType = sourcecode.c.objc; path = RecentPhotos.m; sourceTree = "<group>"; };
		31A779AB14F3C87C0088D039 /* FlickrTopPlacesTableViewController.h */ = {isa = PBXFileReference; fileEncoding = 4; lastKnownFileType = sourcecode.c.h; path = FlickrTopPlacesTableViewController.h; sourceTree = "<group>"; };
		31A779AC14F3C87D0088D039 /* FlickrTopPlacesTableViewController.m */ = {isa = PBXFileReference; fileEncoding = 4; lastKnownFileType = sourcecode.c.objc; path = FlickrTopPlacesTableViewController.m; sourceTree = "<group>"; };
		31A779AE14F3C8A50088D039 /* RecentPhotosTableViewController.h */ = {isa = PBXFileReference; fileEncoding = 4; lastKnownFileType = sourcecode.c.h; path = RecentPhotosTableViewController.h; sourceTree = "<group>"; };
		31A779AF14F3C8A50088D039 /* RecentPhotosTableViewController.m */ = {isa = PBXFileReference; fileEncoding = 4; lastKnownFileType = sourcecode.c.objc; path = RecentPhotosTableViewController.m; sourceTree = "<group>"; };
		31A779B114F3D11C0088D039 /* FlickrFetcherHelper.h */ = {isa = PBXFileReference; fileEncoding = 4; lastKnownFileType = sourcecode.c.h; path = FlickrFetcherHelper.h; sourceTree = "<group>"; };
		31A779B214F3D11C0088D039 /* FlickrFetcherHelper.m */ = {isa = PBXFileReference; fileEncoding = 4; lastKnownFileType = sourcecode.c.objc; path = FlickrFetcherHelper.m; sourceTree = "<group>"; };
		31A779B414F4ED670088D039 /* FlickrImageViewController.h */ = {isa = PBXFileReference; fileEncoding = 4; lastKnownFileType = sourcecode.c.h; path = FlickrImageViewController.h; sourceTree = "<group>"; };
		31A779B514F4ED680088D039 /* FlickrImageViewController.m */ = {isa = PBXFileReference; fileEncoding = 4; lastKnownFileType = sourcecode.c.objc; path = FlickrImageViewController.m; sourceTree = "<group>"; };
		31EA20EF14F4F1640001150E /* PlacePhotosTableViewController.h */ = {isa = PBXFileReference; fileEncoding = 4; lastKnownFileType = sourcecode.c.h; path = PlacePhotosTableViewController.h; sourceTree = "<group>"; };
		31EA20F014F4F1640001150E /* PlacePhotosTableViewController.m */ = {isa = PBXFileReference; fileEncoding = 4; lastKnownFileType = sourcecode.c.objc; path = PlacePhotosTableViewController.m; sourceTree = "<group>"; };
/* End PBXFileReference section */

/* Begin PBXFrameworksBuildPhase section */
		310D6DF514F2E4770083D314 /* Frameworks */ = {
			isa = PBXFrameworksBuildPhase;
			buildActionMask = 2147483647;
			files = (
				310D6DFD14F2E4770083D314 /* UIKit.framework in Frameworks */,
				310D6DFF14F2E4770083D314 /* Foundation.framework in Frameworks */,
				310D6E0114F2E4770083D314 /* CoreGraphics.framework in Frameworks */,
			);
			runOnlyForDeploymentPostprocessing = 0;
		};
/* End PBXFrameworksBuildPhase section */

/* Begin PBXGroup section */
		310D6DED14F2E4770083D314 = {
			isa = PBXGroup;
			children = (
				310D6E0214F2E4770083D314 /* FlickrTopPlaces */,
				310D6DFB14F2E4770083D314 /* Frameworks */,
				310D6DF914F2E4770083D314 /* Products */,
			);
			sourceTree = "<group>";
		};
		310D6DF914F2E4770083D314 /* Products */ = {
			isa = PBXGroup;
			children = (
				310D6DF814F2E4770083D314 /* FlickrTopPlaces.app */,
			);
			name = Products;
			sourceTree = "<group>";
		};
		310D6DFB14F2E4770083D314 /* Frameworks */ = {
			isa = PBXGroup;
			children = (
				310D6DFC14F2E4770083D314 /* UIKit.framework */,
				310D6DFE14F2E4770083D314 /* Foundation.framework */,
				310D6E0014F2E4770083D314 /* CoreGraphics.framework */,
			);
			name = Frameworks;
			sourceTree = "<group>";
		};
		310D6E0214F2E4770083D314 /* FlickrTopPlaces */ = {
			isa = PBXGroup;
			children = (
				310D6E0B14F2E4770083D314 /* FlickrTopPlacesAppDelegate.h */,
				310D6E0C14F2E4770083D314 /* FlickrTopPlacesAppDelegate.m */,
				310D6E0E14F2E4770083D314 /* iPhone.storyboard */,
				31EA20EF14F4F1640001150E /* PlacePhotosTableViewController.h */,
				31EA20F014F4F1640001150E /* PlacePhotosTableViewController.m */,
				3152A21014F587750037F537 /* RecentPhotos.h */,
				3152A21114F587750037F537 /* RecentPhotos.m */,
				31A779B414F4ED670088D039 /* FlickrImageViewController.h */,
				31A779B514F4ED680088D039 /* FlickrImageViewController.m */,
				3133FCBC14FA73BE00474A96 /* FlickrImage.h */,
				3133FCBD14FA73BE00474A96 /* FlickrImage.m */,
				31A779AE14F3C8A50088D039 /* RecentPhotosTableViewController.h */,
				31A779AF14F3C8A50088D039 /* RecentPhotosTableViewController.m */,
				3118EF5914F82BC50083D9E8 /* ImageListTableViewController.h */,
				3118EF5A14F82BC50083D9E8 /* ImageListTableViewController.m */,
				31A779AB14F3C87C0088D039 /* FlickrTopPlacesTableViewController.h */,
				31A779AC14F3C87D0088D039 /* FlickrTopPlacesTableViewController.m */,
				310D6E1114F2E4770083D314 /* iPad.storyboard */,
				310D6E1C14F2E4BD0083D314 /* FlickrAPIKey.h */,
				310D6E1D14F2E4BD0083D314 /* FlickrFetcher.h */,
				31A779B114F3D11C0088D039 /* FlickrFetcherHelper.h */,
				31A779B214F3D11C0088D039 /* FlickrFetcherHelper.m */,
				310D6E1E14F2E4BD0083D314 /* FlickrFetcher.m */,
				310D6E1F14F2E4BD0083D314 /* JSON */,
				310D6E0314F2E4770083D314 /* Supporting Files */,
			);
			path = FlickrTopPlaces;
			sourceTree = "<group>";
		};
		310D6E0314F2E4770083D314 /* Supporting Files */ = {
			isa = PBXGroup;
			children = (
				310D6E0414F2E4770083D314 /* FlickrTopPlaces-Info.plist */,
				310D6E0514F2E4770083D314 /* InfoPlist.strings */,
				310D6E0814F2E4770083D314 /* main.m */,
				310D6E0A14F2E4770083D314 /* FlickrTopPlaces-Prefix.pch */,
			);
			name = "Supporting Files";
			sourceTree = "<group>";
		};
		310D6E1F14F2E4BD0083D314 /* JSON */ = {
			isa = PBXGroup;
			children = (
				310D6E2014F2E4BD0083D314 /* JSON.h */,
				310D6E2114F2E4BD0083D314 /* NSObject+SBJSON.h */,
				310D6E2214F2E4BD0083D314 /* NSObject+SBJSON.m */,
				310D6E2314F2E4BD0083D314 /* NSString+SBJSON.h */,
				310D6E2414F2E4BD0083D314 /* NSString+SBJSON.m */,
				310D6E2514F2E4BD0083D314 /* SBJSON.h */,
				310D6E2614F2E4BD0083D314 /* SBJSON.m */,
				310D6E2714F2E4BD0083D314 /* SBJsonBase.h */,
				310D6E2814F2E4BD0083D314 /* SBJsonBase.m */,
				310D6E2914F2E4BD0083D314 /* SBJsonParser.h */,
				310D6E2A14F2E4BD0083D314 /* SBJsonParser.m */,
				310D6E2B14F2E4BD0083D314 /* SBJsonWriter.h */,
				310D6E2C14F2E4BD0083D314 /* SBJsonWriter.m */,
			);
			path = JSON;
			sourceTree = "<group>";
		};
/* End PBXGroup section */

/* Begin PBXNativeTarget section */
		310D6DF714F2E4770083D314 /* FlickrTopPlaces */ = {
			isa = PBXNativeTarget;
			buildConfigurationList = 310D6E1914F2E4770083D314 /* Build configuration list for PBXNativeTarget "FlickrTopPlaces" */;
			buildPhases = (
				310D6DF414F2E4770083D314 /* Sources */,
				310D6DF514F2E4770083D314 /* Frameworks */,
				310D6DF614F2E4770083D314 /* Resources */,
			);
			buildRules = (
			);
			dependencies = (
			);
			name = FlickrTopPlaces;
			productName = FlickrTopPlaces;
			productReference = 310D6DF814F2E4770083D314 /* FlickrTopPlaces.app */;
			productType = "com.apple.product-type.application";
		};
/* End PBXNativeTarget section */

/* Begin PBXProject section */
		310D6DEF14F2E4770083D314 /* Project object */ = {
			isa = PBXProject;
			attributes = {
				LastUpgradeCheck = 0420;
				ORGANIZATIONNAME = "Texas A&M University at Qatar";
			};
			buildConfigurationList = 310D6DF214F2E4770083D314 /* Build configuration list for PBXProject "FlickrTopPlaces" */;
			compatibilityVersion = "Xcode 3.2";
			developmentRegion = English;
			hasScannedForEncodings = 0;
			knownRegions = (
				en,
			);
			mainGroup = 310D6DED14F2E4770083D314;
			productRefGroup = 310D6DF914F2E4770083D314 /* Products */;
			projectDirPath = "";
			projectRoot = "";
			targets = (
				310D6DF714F2E4770083D314 /* FlickrTopPlaces */,
			);
		};
/* End PBXProject section */

/* Begin PBXResourcesBuildPhase section */
		310D6DF614F2E4770083D314 /* Resources */ = {
			isa = PBXResourcesBuildPhase;
			buildActionMask = 2147483647;
			files = (
				310D6E0714F2E4770083D314 /* InfoPlist.strings in Resources */,
				310D6E1014F2E4770083D314 /* iPhone.storyboard in Resources */,
				310D6E1314F2E4770083D314 /* iPad.storyboard in Resources */,
			);
			runOnlyForDeploymentPostprocessing = 0;
		};
/* End PBXResourcesBuildPhase section */

/* Begin PBXSourcesBuildPhase section */
		310D6DF414F2E4770083D314 /* Sources */ = {
			isa = PBXSourcesBuildPhase;
			buildActionMask = 2147483647;
			files = (
				310D6E0914F2E4770083D314 /* main.m in Sources */,
				310D6E0D14F2E4770083D314 /* FlickrTopPlacesAppDelegate.m in Sources */,
				310D6E2D14F2E4BD0083D314 /* FlickrFetcher.m in Sources */,
				310D6E2E14F2E4BD0083D314 /* NSObject+SBJSON.m in Sources */,
				310D6E2F14F2E4BD0083D314 /* NSString+SBJSON.m in Sources */,
				310D6E3014F2E4BD0083D314 /* SBJSON.m in Sources */,
				310D6E3114F2E4BD0083D314 /* SBJsonBase.m in Sources */,
				310D6E3214F2E4BD0083D314 /* SBJsonParser.m in Sources */,
				310D6E3314F2E4BD0083D314 /* SBJsonWriter.m in Sources */,
				31A779AD14F3C87D0088D039 /* FlickrTopPlacesTableViewController.m in Sources */,
				31A779B014F3C8A50088D039 /* RecentPhotosTableViewController.m in Sources */,
				31A779B314F3D11C0088D039 /* FlickrFetcherHelper.m in Sources */,
				31A779B614F4ED680088D039 /* FlickrImageViewController.m in Sources */,
				31EA20F114F4F1640001150E /* PlacePhotosTableViewController.m in Sources */,
				3152A21214F587750037F537 /* RecentPhotos.m in Sources */,
				3118EF5B14F82BC50083D9E8 /* ImageListTableViewController.m in Sources */,
				3133FCBE14FA73BE00474A96 /* FlickrImage.m in Sources */,
			);
			runOnlyForDeploymentPostprocessing = 0;
		};
/* End PBXSourcesBuildPhase section */

/* Begin PBXVariantGroup section */
		310D6E0514F2E4770083D314 /* InfoPlist.strings */ = {
			isa = PBXVariantGroup;
			children = (
				310D6E0614F2E4770083D314 /* en */,
			);
			name = InfoPlist.strings;
			sourceTree = "<group>";
		};
		310D6E0E14F2E4770083D314 /* iPhone.storyboard */ = {
			isa = PBXVariantGroup;
			children = (
				310D6E0F14F2E4770083D314 /* en */,
			);
			name = iPhone.storyboard;
			sourceTree = "<group>";
		};
		310D6E1114F2E4770083D314 /* iPad.storyboard */ = {
			isa = PBXVariantGroup;
			children = (
				310D6E1214F2E4770083D314 /* en */,
			);
			name = iPad.storyboard;
			sourceTree = "<group>";
		};
/* End PBXVariantGroup section */

/* Begin XCBuildConfiguration section */
		310D6E1714F2E4770083D314 /* Debug */ = {
			isa = XCBuildConfiguration;
			buildSettings = {
				ALWAYS_SEARCH_USER_PATHS = NO;
				ARCHS = "$(ARCHS_STANDARD_32_BIT)";
				CLANG_ENABLE_OBJC_ARC = YES;
				"CODE_SIGN_IDENTITY[sdk=iphoneos*]" = "iPhone Developer";
				COPY_PHASE_STRIP = NO;
				GCC_C_LANGUAGE_STANDARD = gnu99;
				GCC_DYNAMIC_NO_PIC = NO;
				GCC_OPTIMIZATION_LEVEL = 0;
				GCC_PREPROCESSOR_DEFINITIONS = (
					"DEBUG=1",
					"$(inherited)",
				);
				GCC_SYMBOLS_PRIVATE_EXTERN = NO;
				GCC_VERSION = com.apple.compilers.llvm.clang.1_0;
				GCC_WARN_ABOUT_MISSING_PROTOTYPES = YES;
				GCC_WARN_ABOUT_RETURN_TYPE = YES;
				GCC_WARN_UNUSED_VARIABLE = YES;
				IPHONEOS_DEPLOYMENT_TARGET = 5.0;
				SDKROOT = iphoneos;
				TARGETED_DEVICE_FAMILY = "1,2";
			};
			name = Debug;
		};
		310D6E1814F2E4770083D314 /* Release */ = {
			isa = XCBuildConfiguration;
			buildSettings = {
				ALWAYS_SEARCH_USER_PATHS = NO;
				ARCHS = "$(ARCHS_STANDARD_32_BIT)";
				CLANG_ENABLE_OBJC_ARC = YES;
				"CODE_SIGN_IDENTITY[sdk=iphoneos*]" = "iPhone Developer";
				COPY_PHASE_STRIP = YES;
				GCC_C_LANGUAGE_STANDARD = gnu99;
				GCC_VERSION = com.apple.compilers.llvm.clang.1_0;
				GCC_WARN_ABOUT_MISSING_PROTOTYPES = YES;
				GCC_WARN_ABOUT_RETURN_TYPE = YES;
				GCC_WARN_UNUSED_VARIABLE = YES;
				IPHONEOS_DEPLOYMENT_TARGET = 5.0;
				OTHER_CFLAGS = "-DNS_BLOCK_ASSERTIONS=1";
				SDKROOT = iphoneos;
				TARGETED_DEVICE_FAMILY = "1,2";
				VALIDATE_PRODUCT = YES;
			};
			name = Release;
		};
		310D6E1A14F2E4770083D314 /* Debug */ = {
			isa = XCBuildConfiguration;
			buildSettings = {
				GCC_PRECOMPILE_PREFIX_HEADER = YES;
				GCC_PREFIX_HEADER = "FlickrTopPlaces/FlickrTopPlaces-Prefix.pch";
				INFOPLIST_FILE = "FlickrTopPlaces/FlickrTopPlaces-Info.plist";
				PRODUCT_NAME = "$(TARGET_NAME)";
				WRAPPER_EXTENSION = app;
			};
			name = Debug;
		};
		310D6E1B14F2E4770083D314 /* Release */ = {
			isa = XCBuildConfiguration;
			buildSettings = {
				GCC_PRECOMPILE_PREFIX_HEADER = YES;
				GCC_PREFIX_HEADER = "FlickrTopPlaces/FlickrTopPlaces-Prefix.pch";
				INFOPLIST_FILE = "FlickrTopPlaces/FlickrTopPlaces-Info.plist";
				PRODUCT_NAME = "$(TARGET_NAME)";
				WRAPPER_EXTENSION = app;
			};
			name = Release;
		};
/* End XCBuildConfiguration section */

/* Begin XCConfigurationList section */
		310D6DF214F2E4770083D314 /* Build configuration list for PBXProject "FlickrTopPlaces" */ = {
			isa = XCConfigurationList;
			buildConfigurations = (
				310D6E1714F2E4770083D314 /* Debug */,
				310D6E1814F2E4770083D314 /* Release */,
			);
			defaultConfigurationIsVisible = 0;
			defaultConfigurationName = Release;
		};
		310D6E1914F2E4770083D314 /* Build configuration list for PBXNativeTarget "FlickrTopPlaces" */ = {
			isa = XCConfigurationList;
			buildConfigurations = (
				310D6E1A14F2E4770083D314 /* Debug */,
				310D6E1B14F2E4770083D314 /* Release */,
			);
			defaultConfigurationIsVisible = 0;
			defaultConfigurationName = Release;
		};
/* End XCConfigurationList section */
	};
	rootObject = 310D6DEF14F2E4770083D314 /* Project object */;
}
